
Microsoft Visual Studio Solution File, Format Version 12.00
# Visual Studio Version 16
VisualStudioVersion = 16.0.33529.622
MinimumVisualStudioVersion = 10.0.40219.1
Project("{FAE04EC0-301F-11D3-BF4B-00C04F79EFBC}") = "Learning_C-Sharp-Basics", "Learning_C-Sharp-Basics\Learning_C-Sharp-Basics.csproj", "{C9E98862-11C1-4AE8-9487-76306F43A0B1}"
EndProject
Global
	GlobalSection(SolutionConfigurationPlatforms) = preSolution
		Debug|Any CPU = Debug|Any CPU
		Release|Any CPU = Release|Any CPU
	EndGlobalSection
	GlobalSection(ProjectConfigurationPlatforms) = postSolution
		{C9E98862-11C1-4AE8-9487-76306F43A0B1}.Debug|Any CPU.ActiveCfg = Debug|Any CPU
		{C9E98862-11C1-4AE8-9487-76306F43A0B1}.Debug|Any CPU.Build.0 = Debug|Any CPU
		{C9E98862-11C1-4AE8-9487-76306F43A0B1}.Release|Any CPU.ActiveCfg = Release|Any CPU
		{C9E98862-11C1-4AE8-9487-76306F43A0B1}.Release|Any CPU.Build.0 = Release|Any CPU
	EndGlobalSection
	GlobalSection(SolutionProperties) = preSolution
		HideSolutionNode = FALSE
	EndGlobalSection
	GlobalSection(ExtensibilityGlobals) = postSolution
		SolutionGuid = {40077088-3940-4A8D-80EF-A3E56F7613E3}
	EndGlobalSection
EndGlobal
